
Microsoft Visual Studio Solution File, Format Version 12.00
# Visual Studio Version 16
VisualStudioVersion = 16.0.31220.234
MinimumVisualStudioVersion = 10.0.40219.1
Project("{9A19103F-16F7-4668-BE54-9A1E7A4F7556}") = "ChiaRPC.Net", "ChiaRPC.Net\ChiaRPC.Net.csproj", "{DB81F63B-54C4-445A-A9A3-D9B40AFD151A}"
EndProject
Project("{2150E333-8FDC-42A3-9474-1A3956D46DE8}") = "Solution Items", "Solution Items", "{3282E5B7-7E6D-42AD-B7DB-7C20AA50D892}"
	ProjectSection(SolutionItems) = preProject
		README.md = README.md
	EndProjectSection
EndProject
Global
	GlobalSection(SolutionConfigurationPlatforms) = preSolution
		Debug|Any CPU = Debug|Any CPU
		Release|Any CPU = Release|Any CPU
	EndGlobalSection
	GlobalSection(ProjectConfigurationPlatforms) = postSolution
		{DB81F63B-54C4-445A-A9A3-D9B40AFD151A}.Debug|Any CPU.ActiveCfg = Debug|Any CPU
		{DB81F63B-54C4-445A-A9A3-D9B40AFD151A}.Debug|Any CPU.Build.0 = Debug|Any CPU
		{DB81F63B-54C4-445A-A9A3-D9B40AFD151A}.Release|Any CPU.ActiveCfg = Release|Any CPU
		{DB81F63B-54C4-445A-A9A3-D9B40AFD151A}.Release|Any CPU.Build.0 = Release|Any CPU
	EndGlobalSection
	GlobalSection(SolutionProperties) = preSolution
		HideSolutionNode = FALSE
	EndGlobalSection
	GlobalSection(ExtensibilityGlobals) = postSolution
		SolutionGuid = {712684AC-8824-4C40-AAEF-E9BFA89E7038}
	EndGlobalSection
EndGlobal
